<?xml version="1.0" encoding="utf-8"?>
<Project ToolsVersion="4.0" xmlns="http://schemas.microsoft.com/developer/msbuild/2003">
  <ItemGroup>
    <Filter Include="Source Files">
      <UniqueIdentifier>{4FC737F1-C7A5-4376-A066-2A32D752A2FF}</UniqueIdentifier>
      <Extensions>cpp;c;cc;cxx;def;odl;idl;hpj;bat;asm;asmx</Extensions>
    </Filter>
    <Filter Include="Resource Files">
      <UniqueIdentifier>{67DA6AB6-F800-4c08-8B7A-83BB121AAD01}</UniqueIdentifier>
      <Extensions>rc;ico;cur;bmp;dlg;rc2;rct;bin;rgs;gif;jpg;jpeg;jpe;resx;tiff;tif;png;wav;mfcribbon-ms</Extensions>
    </Filter>
    <Filter Include="Header Files">
      <UniqueIdentifier>{93995380-89BD-4b04-88EB-625FBE52EBFB}</UniqueIdentifier>
      <Extensions>h;hh;hpp;hxx;hm;inl;inc;xsd</Extensions>
    </Filter>
    <Filter Include="Audio Files">
      <UniqueIdentifier>{2a6a4a6b-bda1-4dca-87d3-2dcec9c54cf4}</UniqueIdentifier>
    </Filter>
    <Filter Include="Input Files">
      <UniqueIdentifier>{b043f539-efa3-42b4-9a75-b1654557492a}</UniqueIdentifier>
    </Filter>
    <Filter Include="Component Files">
      <UniqueIdentifier>{51dcee11-3aa8-4f84-90f1-6951dfaf8feb}</UniqueIdentifier>
    </Filter>
    <Filter Include="Command Files">
      <UniqueIdentifier>{1c356356-4a33-4d02-af09-d794e291067e}</UniqueIdentifier>
    </Filter>
    <Filter Include="Event System Files">
      <UniqueIdentifier>{123ba9af-a74d-4a53-937d-d2a4013bfb97}</UniqueIdentifier>
    </Filter>
    <Filter Include="Manager Files">
      <UniqueIdentifier>{8ed9ef9a-b919-4f33-95d5-e587e85411ad}</UniqueIdentifier>
    </Filter>
    <Filter Include="Observer Files">
      <UniqueIdentifier>{e1ccd78f-9b11-4d43-b187-56c3fb11fbf7}</UniqueIdentifier>
    </Filter>
  </ItemGroup>
  <ItemGroup>
    <ClInclude Include="MiniginPCH.h">
      <Filter>Header Files</Filter>
    </ClInclude>
    <ClInclude Include="Singleton.h">
      <Filter>Header Files</Filter>
    </ClInclude>
    <ClInclude Include="Renderer.h">
      <Filter>Header Files</Filter>
    </ClInclude>
    <ClInclude Include="Texture2D.h">
      <Filter>Header Files</Filter>
    </ClInclude>
    <ClInclude Include="GameObject.h">
      <Filter>Header Files</Filter>
    </ClInclude>
    <ClInclude Include="Transform.h">
      <Filter>Header Files</Filter>
    </ClInclude>
    <ClInclude Include="Scene.h">
      <Filter>Header Files</Filter>
    </ClInclude>
    <ClInclude Include="TextObject.h">
      <Filter>Header Files</Filter>
    </ClInclude>
    <ClInclude Include="SceneObject.h">
      <Filter>Header Files</Filter>
    </ClInclude>
    <ClInclude Include="Font.h">
      <Filter>Header Files</Filter>
    </ClInclude>
    <ClInclude Include="Minigin.h">
      <Filter>Header Files</Filter>
    </ClInclude>
    <ClInclude Include="Component.h">
      <Filter>Component Files</Filter>
    </ClInclude>
    <ClInclude Include="Command.h">
      <Filter>Command Files</Filter>
    </ClInclude>
    <ClInclude Include="QuitCommand.h">
      <Filter>Command Files</Filter>
    </ClInclude>
    <ClInclude Include="TestCommand.h">
      <Filter>Command Files</Filter>
    </ClInclude>
    <ClInclude Include="Event.h">
      <Filter>Event System Files</Filter>
    </ClInclude>
    <ClInclude Include="EventListener.h">
      <Filter>Event System Files</Filter>
    </ClInclude>
    <ClInclude Include="EventQueue.h">
      <Filter>Event System Files</Filter>
    </ClInclude>
    <ClInclude Include="InputManager.h">
      <Filter>Input Files</Filter>
    </ClInclude>
    <ClInclude Include="KeyboardController.h">
      <Filter>Input Files</Filter>
    </ClInclude>
    <ClInclude Include="XboxController.h">
      <Filter>Input Files</Filter>
    </ClInclude>
    <ClInclude Include="ResourceManager.h">
      <Filter>Manager Files</Filter>
    </ClInclude>
    <ClInclude Include="SceneManager.h">
      <Filter>Manager Files</Filter>
    </ClInclude>
    <ClInclude Include="Subject.h">
      <Filter>Observer Files</Filter>
    </ClInclude>
    <ClInclude Include="Observer.h">
      <Filter>Observer Files</Filter>
    </ClInclude>
    <ClInclude Include="Game.h">
      <Filter>Header Files</Filter>
    </ClInclude>
    <ClInclude Include="utils.h">
      <Filter>Header Files</Filter>
    </ClInclude>
    <ClInclude Include="AudioService.h">
      <Filter>Audio Files</Filter>
    </ClInclude>
    <ClInclude Include="SdlMixerAudioService.h">
      <Filter>Audio Files</Filter>
    </ClInclude>
    <ClInclude Include="ServiceLocator.h">
      <Filter>Audio Files</Filter>
    </ClInclude>
  </ItemGroup>
  <ItemGroup>
    <ClCompile Include="MiniginPCH.cpp">
      <Filter>Source Files</Filter>
    </ClCompile>
    <ClCompile Include="Renderer.cpp">
      <Filter>Source Files</Filter>
    </ClCompile>
    <ClCompile Include="Texture2D.cpp">
      <Filter>Source Files</Filter>
    </ClCompile>
    <ClCompile Include="GameObject.cpp">
      <Filter>Source Files</Filter>
    </ClCompile>
    <ClCompile Include="Transform.cpp">
      <Filter>Source Files</Filter>
    </ClCompile>
    <ClCompile Include="Scene.cpp">
      <Filter>Source Files</Filter>
    </ClCompile>
    <ClCompile Include="TextObject.cpp">
      <Filter>Source Files</Filter>
    </ClCompile>
    <ClCompile Include="Font.cpp">
      <Filter>Source Files</Filter>
    </ClCompile>
    <ClCompile Include="Minigin.cpp">
      <Filter>Source Files</Filter>
    </ClCompile>
    <ClCompile Include="Component.cpp">
      <Filter>Component Files</Filter>
    </ClCompile>
    <ClCompile Include="Command.cpp">
      <Filter>Command Files</Filter>
    </ClCompile>
    <ClCompile Include="QuitCommand.cpp">
      <Filter>Command Files</Filter>
    </ClCompile>
    <ClCompile Include="TestCommand.cpp">
      <Filter>Command Files</Filter>
    </ClCompile>
    <ClCompile Include="Event.cpp">
      <Filter>Event System Files</Filter>
    </ClCompile>
    <ClCompile Include="EventListener.cpp">
      <Filter>Event System Files</Filter>
    </ClCompile>
    <ClCompile Include="EventQueue.cpp">
      <Filter>Event System Files</Filter>
    </ClCompile>
    <ClCompile Include="XboxController.cpp">
      <Filter>Input Files</Filter>
    </ClCompile>
    <ClCompile Include="KeyboardController.cpp">
      <Filter>Input Files</Filter>
    </ClCompile>
    <ClCompile Include="InputManager.cpp">
      <Filter>Input Files</Filter>
    </ClCompile>
    <ClCompile Include="SceneManager.cpp">
      <Filter>Manager Files</Filter>
    </ClCompile>
    <ClCompile Include="ResourceManager.cpp">
      <Filter>Manager Files</Filter>
    </ClCompile>
    <ClCompile Include="Subject.cpp">
      <Filter>Observer Files</Filter>
    </ClCompile>
    <ClCompile Include="Observer.cpp">
      <Filter>Observer Files</Filter>
    </ClCompile>
    <ClCompile Include="Game.cpp">
      <Filter>Source Files</Filter>
    </ClCompile>
    <ClCompile Include="utils.cpp">
      <Filter>Source Files</Filter>
    </ClCompile>
    <ClCompile Include="AudioService.cpp">
      <Filter>Audio Files</Filter>
    </ClCompile>
    <ClCompile Include="SdlMixerAudioService.cpp">
      <Filter>Audio Files</Filter>
    </ClCompile>
    <ClCompile Include="ServiceLocator.cpp">
      <Filter>Audio Files</Filter>
    </ClCompile>
  </ItemGroup>
</Project>